# This file is automatically @generated by Cargo.
# It is not intended for manual editing.
version = 4

[[package]]
name = "app"
version = "0.1.0"
dependencies = [
 "hello_macro",
]

[[package]]
name = "exports_a_trait"
version = "0.1.0"

[[package]]
name = "hello_macro"
version = "0.1.0"

[[package]]
name = "uses_its_own_derive"
version = "0.1.0"
