# This file is automatically @generated by Cargo.
# It is not intended for manual editing.
version = 4

[[package]]
name = "derive_twice"
version = "0.1.0"
dependencies = [
 "show_tokens",
]

[[package]]
name = "show_tokens"
version = "0.1.0"

[[package]]
name = "swallowed"
version = "0.1.0"
dependencies = [
 "show_tokens",
]

[[package]]
name = "three_kinds_app"
version = "0.1.0"
dependencies = [
 "show_tokens",
]
