# This file is automatically @generated by Cargo.
# It is not intended for manual editing.
version = 4

[[package]]
name = "pg_store_both_layouts"
version = "0.1.0"

[[package]]
name = "pg_store_listing_6_10"
version = "0.1.0"

[[package]]
name = "pg_store_listing_6_13"
version = "0.1.0"

[[package]]
name = "pg_store_listing_6_14"
version = "0.1.0"

[[package]]
name = "pg_store_listing_6_17"
version = "0.1.0"

[[package]]
name = "pg_store_listing_6_18"
version = "0.1.0"

[[package]]
name = "pg_store_listing_6_28"
version = "0.1.0"

[[package]]
name = "pg_store_listing_6_33"
version = "0.1.0"

[[package]]
name = "pg_store_listing_6_34"
version = "0.1.0"

[[package]]
name = "pg_store_listing_6_36"
version = "0.1.0"

[[package]]
name = "pg_store_listing_6_41"
version = "0.1.0"

[[package]]
name = "pg_store_listing_6_5"
version = "0.1.0"

[[package]]
name = "pg_store_listing_6_8"
version = "0.1.0"

[[package]]
name = "pg_store_no_main"
version = "0.1.0"

[[package]]
name = "pg_store_shop"
version = "0.1.0"

[[package]]
name = "pg_store_two_binaries"
version = "0.1.0"
